{
  "name": "orchardcore.liquid",
  "version": "1.0.0",
  "lockfileVersion": 2,
  "requires": true,
  "packages": {
    "": {
      "name": "orchardcore.liquid",
      "version": "1.0.0",
      "dependencies": {
        "monaco-editor": "0.31.1"
      }
    },
    "node_modules/monaco-editor": {
      "version": "0.31.1",
      "resolved": "https://registry.npmjs.org/monaco-editor/-/monaco-editor-0.31.1.tgz",
      "integrity": "sha512-FYPwxGZAeP6mRRyrr5XTGHD9gRXVjy7GUzF4IPChnyt3fS5WrNxIkS8DNujWf6EQy0Zlzpxw8oTVE+mWI2/D1Q=="
    }
  },
  "dependencies": {
    "monaco-editor": {
      "version": "0.31.1",
      "resolved": "https://registry.npmjs.org/monaco-editor/-/monaco-editor-0.31.1.tgz",
      "integrity": "sha512-FYPwxGZAeP6mRRyrr5XTGHD9gRXVjy7GUzF4IPChnyt3fS5WrNxIkS8DNujWf6EQy0Zlzpxw8oTVE+mWI2/D1Q=="
    }
  }
}
