{
  "name": "orchardcore.liquid",
  "version": "1.0.0",
  "lockfileVersion": 2,
  "requires": true,
  "packages": {
    "": {
      "name": "orchardcore.liquid",
      "version": "1.0.0",
      "dependencies": {
        "monaco-editor": "0.47.0"
      }
    },
    "node_modules/monaco-editor": {
      "version": "0.47.0",
      "resolved": "https://registry.npmjs.org/monaco-editor/-/monaco-editor-0.47.0.tgz",
      "integrity": "sha512-VabVvHvQ9QmMwXu4du008ZDuyLnHs9j7ThVFsiJoXSOQk18+LF89N4ADzPbFenm0W4V2bGHnFBztIRQTgBfxzw=="
    }
  },
  "dependencies": {
    "monaco-editor": {
      "version": "0.47.0",
      "resolved": "https://registry.npmjs.org/monaco-editor/-/monaco-editor-0.47.0.tgz",
      "integrity": "sha512-VabVvHvQ9QmMwXu4du008ZDuyLnHs9j7ThVFsiJoXSOQk18+LF89N4ADzPbFenm0W4V2bGHnFBztIRQTgBfxzw=="
    }
  }
}
