{
  "name": "orchardcore.liquid",
  "version": "1.0.0",
  "lockfileVersion": 2,
  "requires": true,
  "packages": {
    "": {
      "name": "orchardcore.liquid",
      "version": "1.0.0",
      "dependencies": {
        "monaco-editor": "0.38.0"
      }
    },
    "node_modules/monaco-editor": {
      "version": "0.38.0",
      "resolved": "https://registry.npmjs.org/monaco-editor/-/monaco-editor-0.38.0.tgz",
      "integrity": "sha512-11Fkh6yzEmwx7O0YoLxeae0qEGFwmyPRlVxpg7oF9czOOCB/iCjdJrG5I67da5WiXK3YJCxoz9TJFE8Tfq/v9A=="
    }
  },
  "dependencies": {
    "monaco-editor": {
      "version": "0.38.0",
      "resolved": "https://registry.npmjs.org/monaco-editor/-/monaco-editor-0.38.0.tgz",
      "integrity": "sha512-11Fkh6yzEmwx7O0YoLxeae0qEGFwmyPRlVxpg7oF9czOOCB/iCjdJrG5I67da5WiXK3YJCxoz9TJFE8Tfq/v9A=="
    }
  }
}
