{
  "name": "orchardcore.spatial",
  "version": "1.0.0",
  "lockfileVersion": 2,
  "requires": true,
  "packages": {
    "": {
      "name": "orchardcore.spatial",
      "version": "1.0.0",
      "dependencies": {
        "leaflet": "1.9.0"
      }
    },
    "node_modules/leaflet": {
      "version": "1.9.0",
      "resolved": "https://registry.npmjs.org/leaflet/-/leaflet-1.9.0.tgz",
      "integrity": "sha512-lL8433PmoPoTSfPoPMzsQdTKmH36Rn2bQx9/j0bbZ98LimrsMof0P+7AQ0LntwRbjXe601j/IY1P2mwBRnN/1Q=="
    }
  },
  "dependencies": {
    "leaflet": {
      "version": "1.9.0",
      "resolved": "https://registry.npmjs.org/leaflet/-/leaflet-1.9.0.tgz",
      "integrity": "sha512-lL8433PmoPoTSfPoPMzsQdTKmH36Rn2bQx9/j0bbZ98LimrsMof0P+7AQ0LntwRbjXe601j/IY1P2mwBRnN/1Q=="
    }
  }
}
