{
  "name": "orchardcore.spatial",
  "version": "1.0.0",
  "lockfileVersion": 2,
  "requires": true,
  "packages": {
    "": {
      "name": "orchardcore.spatial",
      "version": "1.0.0",
      "dependencies": {
        "leaflet": "1.9.1"
      }
    },
    "node_modules/leaflet": {
      "version": "1.9.1",
      "resolved": "https://registry.npmjs.org/leaflet/-/leaflet-1.9.1.tgz",
      "integrity": "sha512-5FcDAMTLAuOq0RisQQbTFatl8Sl4bM0gMrBfuHbl7CYbYJv45BfCS8oU3T644MLjleBq1Ncq541QEA1pqUGTFA=="
    }
  },
  "dependencies": {
    "leaflet": {
      "version": "1.9.1",
      "resolved": "https://registry.npmjs.org/leaflet/-/leaflet-1.9.1.tgz",
      "integrity": "sha512-5FcDAMTLAuOq0RisQQbTFatl8Sl4bM0gMrBfuHbl7CYbYJv45BfCS8oU3T644MLjleBq1Ncq541QEA1pqUGTFA=="
    }
  }
}
