{
  "name": "orchardcore.theadmin",
  "version": "1.0.0",
  "lockfileVersion": 2,
  "requires": true,
  "packages": {
    "": {
      "name": "orchardcore.theadmin",
      "version": "1.0.0",
      "dependencies": {
        "@popperjs/core": "2.11.5",
        "bootstrap": "5.1.3",
        "bootstrap-select": "1.14.0-beta2",
        "material-icons": "1.11.0",
        "nouislider": "15.6.1"
      }
    },
    "node_modules/@popperjs/core": {
      "version": "2.11.5",
      "resolved": "https://registry.npmjs.org/@popperjs/core/-/core-2.11.5.tgz",
      "integrity": "sha512-9X2obfABZuDVLCgPK9aX0a/x4jaOEweTTWE2+9sr0Qqqevj2Uv5XorvusThmc9XGYpS9yI+fhh8RTafBtGposw==",
      "funding": {
        "type": "opencollective",
        "url": "https://opencollective.com/popperjs"
      }
    },
    "node_modules/bootstrap": {
      "version": "5.1.3",
      "resolved": "https://registry.npmjs.org/bootstrap/-/bootstrap-5.1.3.tgz",
      "integrity": "sha512-fcQztozJ8jToQWXxVuEyXWW+dSo8AiXWKwiSSrKWsRB/Qt+Ewwza+JWoLKiTuQLaEPhdNAJ7+Dosc9DOIqNy7Q==",
      "funding": {
        "type": "opencollective",
        "url": "https://opencollective.com/bootstrap"
      },
      "peerDependencies": {
        "@popperjs/core": "^2.10.2"
      }
    },
    "node_modules/bootstrap-select": {
      "version": "1.14.0-beta2",
      "resolved": "https://registry.npmjs.org/bootstrap-select/-/bootstrap-select-1.14.0-beta2.tgz",
      "integrity": "sha512-Q63QUbConUwA+/Te7tCJcv0nE3SI/J+rNI5A1mdX1KxP6lW0pFQy+4KVP6VwgZEcwkoPfrwjvAo6WT7fdl+Sdg==",
      "peerDependencies": {
        "bootstrap": ">=3.0.0",
        "jquery": "1.9.1 - 3"
      }
    },
    "node_modules/jquery": {
      "version": "3.6.0",
      "resolved": "https://registry.npmjs.org/jquery/-/jquery-3.6.0.tgz",
      "integrity": "sha512-JVzAR/AjBvVt2BmYhxRCSYysDsPcssdmTFnzyLEts9qNwmjmu4JTAMYubEfwVOSwpQ1I1sKKFcxhZCI2buerfw==",
      "peer": true
    },
    "node_modules/material-icons": {
      "version": "1.11.0",
      "resolved": "https://registry.npmjs.org/material-icons/-/material-icons-1.11.0.tgz",
      "integrity": "sha512-t2PNjdF36nFzt82domIwhBm3JCfuEo2EMTiJzb5K1cUR3Sg1aEtcZrkecLHtB26eohtgqvndewL8Zy4cu9DIfg=="
    },
    "node_modules/nouislider": {
      "version": "15.6.1",
      "resolved": "https://registry.npmjs.org/nouislider/-/nouislider-15.6.1.tgz",
      "integrity": "sha512-1T5AfeEMGrGM87UJ+qAHvauPfCe/woOjYV/o29fp21+XgGuGpkM1Udo7mPHnidu4+cxlj35rDBWKiA6Mefemrg=="
    }
  },
  "dependencies": {
    "@popperjs/core": {
      "version": "2.11.5",
      "resolved": "https://registry.npmjs.org/@popperjs/core/-/core-2.11.5.tgz",
      "integrity": "sha512-9X2obfABZuDVLCgPK9aX0a/x4jaOEweTTWE2+9sr0Qqqevj2Uv5XorvusThmc9XGYpS9yI+fhh8RTafBtGposw=="
    },
    "bootstrap": {
      "version": "5.1.3",
      "resolved": "https://registry.npmjs.org/bootstrap/-/bootstrap-5.1.3.tgz",
      "integrity": "sha512-fcQztozJ8jToQWXxVuEyXWW+dSo8AiXWKwiSSrKWsRB/Qt+Ewwza+JWoLKiTuQLaEPhdNAJ7+Dosc9DOIqNy7Q==",
      "requires": {}
    },
    "bootstrap-select": {
      "version": "1.14.0-beta2",
      "resolved": "https://registry.npmjs.org/bootstrap-select/-/bootstrap-select-1.14.0-beta2.tgz",
      "integrity": "sha512-Q63QUbConUwA+/Te7tCJcv0nE3SI/J+rNI5A1mdX1KxP6lW0pFQy+4KVP6VwgZEcwkoPfrwjvAo6WT7fdl+Sdg==",
      "requires": {}
    },
    "jquery": {
      "version": "3.6.0",
      "resolved": "https://registry.npmjs.org/jquery/-/jquery-3.6.0.tgz",
      "integrity": "sha512-JVzAR/AjBvVt2BmYhxRCSYysDsPcssdmTFnzyLEts9qNwmjmu4JTAMYubEfwVOSwpQ1I1sKKFcxhZCI2buerfw==",
      "peer": true
    },
    "material-icons": {
      "version": "1.11.0",
      "resolved": "https://registry.npmjs.org/material-icons/-/material-icons-1.11.0.tgz",
      "integrity": "sha512-t2PNjdF36nFzt82domIwhBm3JCfuEo2EMTiJzb5K1cUR3Sg1aEtcZrkecLHtB26eohtgqvndewL8Zy4cu9DIfg=="
    },
    "nouislider": {
      "version": "15.6.1",
      "resolved": "https://registry.npmjs.org/nouislider/-/nouislider-15.6.1.tgz",
      "integrity": "sha512-1T5AfeEMGrGM87UJ+qAHvauPfCe/woOjYV/o29fp21+XgGuGpkM1Udo7mPHnidu4+cxlj35rDBWKiA6Mefemrg=="
    }
  }
}
