{
  "name": "orchardcore.theagencytheme",
  "version": "1.0.0",
  "lockfileVersion": 1,
  "requires": true,
  "dependencies": {
    "bootstrap": {
      "version": "4.4.1",
      "resolved": "https://registry.npmjs.org/bootstrap/-/bootstrap-4.4.1.tgz",
      "integrity": "sha512-tbx5cHubwE6e2ZG7nqM3g/FZ5PQEDMWmMGNrCUBVRPHXTJaH7CBDdsLeu3eCh3B1tzAxTnAbtmrzvWEvT2NNEA=="
    },
    "startbootstrap-agency": {
      "version": "6.0.0",
      "resolved": "https://registry.npmjs.org/startbootstrap-agency/-/startbootstrap-agency-6.0.0.tgz",
      "integrity": "sha512-XrbGan2Dk5AB/6R8pUyy6rq13dBYtsfDWkRJy1Tsq8C+cmK4C1AMRw3h1UykAIGEwwekP2PZ2EqVg94PKPCmCg==",
      "requires": {
        "bootstrap": "4.4.1"
      }
    }
  }
}
