{
  "version": 1,
  "dependencies": {
    "net6.0": {
      "Microsoft.SourceLink.GitHub": {
        "type": "Direct",
        "requested": "[1.1.1, )",
        "resolved": "1.1.1",
        "contentHash": "IaJGnOv/M7UQjRJks7B6p7pbPnOwisYGOIzqCz5ilGFTApZ3ktOR+6zJ12ZRPInulBmdAf1SrGdDG2MU8g6XTw==",
        "dependencies": {
          "Microsoft.Build.Tasks.Git": "1.1.1",
          "Microsoft.SourceLink.Common": "1.1.1"
        }
      },
      "Microsoft.AspNetCore.Cryptography.Internal": {
        "type": "Transitive",
        "resolved": "6.0.10",
        "contentHash": "F4YiT2L1H2p5imDno6nGMd/h9y3s0jpCbP0DvvCHA72b2TFRVHaE5qeGqeDkcRMK9d6RauVhXGiAT0zTY6DT+w=="
      },
      "Microsoft.AspNetCore.DataProtection": {
        "type": "Transitive",
        "resolved": "6.0.10",
        "contentHash": "EvCgc/xVLDJpNGuz2H++dOI9SIHfhAZ1CJn95ZFDQkKJFsD+a6M4U4prnTDM188gK5ZWaqRINEIW3XGRNCDiyg==",
        "dependencies": {
          "Microsoft.AspNetCore.Cryptography.Internal": "6.0.10",
          "Microsoft.AspNetCore.DataProtection.Abstractions": "6.0.10",
          "Microsoft.Extensions.DependencyInjection.Abstractions": "6.0.0",
          "Microsoft.Extensions.Hosting.Abstractions": "6.0.0",
          "Microsoft.Extensions.Logging.Abstractions": "6.0.2",
          "Microsoft.Extensions.Options": "6.0.0",
          "System.Security.Cryptography.Xml": "6.0.1"
        }
      },
      "Microsoft.AspNetCore.DataProtection.Abstractions": {
        "type": "Transitive",
        "resolved": "6.0.10",
        "contentHash": "a+otu5if+irySZxUT2jtk8h7kXll6se3sof5daFU8h3pM596sC0WluFi/xQd4JoBegvQ+4f9s/EBCcW6G9qE2Q=="
      },
      "Microsoft.AspNetCore.DataProtection.StackExchangeRedis": {
        "type": "Transitive",
        "resolved": "6.0.10",
        "contentHash": "oYPcrWo2S1seOI8EHiBBFpySIRzHAd+k/FFRBgGiJqAAVDLc9RyH9a8eSbyHCzpPKjAo6IkdMYD2rPqJr0roGw==",
        "dependencies": {
          "Microsoft.AspNetCore.DataProtection": "6.0.10",
          "StackExchange.Redis": "2.2.4"
        }
      },
      "Microsoft.Build.Tasks.Git": {
        "type": "Transitive",
        "resolved": "1.1.1",
        "contentHash": "AT3HlgTjsqHnWpBHSNeR0KxbLZD7bztlZVj7I8vgeYG9SYqbeFGh0TM/KVtC6fg53nrWHl3VfZFvb5BiQFcY6Q=="
      },
      "Microsoft.Extensions.Caching.Abstractions": {
        "type": "Transitive",
        "resolved": "6.0.0",
        "contentHash": "bcz5sSFJbganH0+YrfvIjJDIcKNW7TL07C4d1eTmXy/wOt52iz4LVogJb6pazs7W0+74j0YpXFErvp++Aq5Bsw==",
        "dependencies": {
          "Microsoft.Extensions.Primitives": "6.0.0"
        }
      },
      "Microsoft.Extensions.Caching.StackExchangeRedis": {
        "type": "Transitive",
        "resolved": "6.0.10",
        "contentHash": "DJMLQOMUWToa8op6Y+fMqHQK+aHLItof7G48xASkX9w/lNWzbYhrrDgBUUMNLuR/pMy1iqZi5WbbkPpTvd1Myg==",
        "dependencies": {
          "Microsoft.Extensions.Caching.Abstractions": "6.0.0",
          "Microsoft.Extensions.Options": "6.0.0",
          "StackExchange.Redis": "2.2.4"
        }
      },
      "Microsoft.Extensions.Configuration.Abstractions": {
        "type": "Transitive",
        "resolved": "6.0.0",
        "contentHash": "qWzV9o+ZRWq+pGm+1dF+R7qTgTYoXvbyowRoBxQJGfqTpqDun2eteerjRQhq5PQ/14S+lqto3Ft4gYaRyl4rdQ==",
        "dependencies": {
          "Microsoft.Extensions.Primitives": "6.0.0"
        }
      },
      "Microsoft.Extensions.DependencyInjection.Abstractions": {
        "type": "Transitive",
        "resolved": "6.0.0",
        "contentHash": "xlzi2IYREJH3/m6+lUrQlujzX8wDitm4QGnUu6kUXTQAWPuZY8i+ticFJbzfqaetLA6KR/rO6Ew/HuYD+bxifg=="
      },
      "Microsoft.Extensions.FileProviders.Abstractions": {
        "type": "Transitive",
        "resolved": "6.0.0",
        "contentHash": "0pd4/fho0gC12rQswaGQxbU34jOS1TPS8lZPpkFCH68ppQjHNHYle9iRuHeev1LhrJ94YPvzcRd8UmIuFk23Qw==",
        "dependencies": {
          "Microsoft.Extensions.Primitives": "6.0.0"
        }
      },
      "Microsoft.Extensions.Hosting.Abstractions": {
        "type": "Transitive",
        "resolved": "6.0.0",
        "contentHash": "GcT5l2CYXL6Sa27KCSh0TixsRfADUgth+ojQSD5EkzisZxmGFh7CwzkcYuGwvmXLjr27uWRNrJ2vuuEjMhU05Q==",
        "dependencies": {
          "Microsoft.Extensions.Configuration.Abstractions": "6.0.0",
          "Microsoft.Extensions.DependencyInjection.Abstractions": "6.0.0",
          "Microsoft.Extensions.FileProviders.Abstractions": "6.0.0"
        }
      },
      "Microsoft.Extensions.Logging.Abstractions": {
        "type": "Transitive",
        "resolved": "6.0.2",
        "contentHash": "pwXCZKaA7m5wgmCj49dW+H1RPSY7U62SKLTQYCcavf/k3Nyt/WnBgAjG4jMGnwy9rElfAZ2KvxvM5CJzJWG0hg=="
      },
      "Microsoft.Extensions.Options": {
        "type": "Transitive",
        "resolved": "6.0.0",
        "contentHash": "dzXN0+V1AyjOe2xcJ86Qbo233KHuLEY0njf/P2Kw8SfJU+d45HNS2ctJdnEnrWbM9Ye2eFgaC5Mj9otRMU6IsQ==",
        "dependencies": {
          "Microsoft.Extensions.DependencyInjection.Abstractions": "6.0.0",
          "Microsoft.Extensions.Primitives": "6.0.0"
        }
      },
      "Microsoft.Extensions.Primitives": {
        "type": "Transitive",
        "resolved": "6.0.0",
        "contentHash": "9+PnzmQFfEFNR9J2aDTfJGGupShHjOuGw4VUv+JB044biSHrnmCIMD+mJHmb2H7YryrfBEXDurxQ47gJZdCKNQ==",
        "dependencies": {
          "System.Runtime.CompilerServices.Unsafe": "6.0.0"
        }
      },
      "Microsoft.NETCore.Platforms": {
        "type": "Transitive",
        "resolved": "5.0.0",
        "contentHash": "VyPlqzH2wavqquTcYpkIIAQ6WdenuKoFN0BdYBbCWsclXacSOHNQn66Gt4z5NBqEYW0FAPm5rlvki9ZiCij5xQ=="
      },
      "Microsoft.SourceLink.Common": {
        "type": "Transitive",
        "resolved": "1.1.1",
        "contentHash": "WMcGpWKrmJmzrNeuaEb23bEMnbtR/vLmvZtkAP5qWu7vQsY59GqfRJd65sFpBszbd2k/bQ8cs8eWawQKAabkVg=="
      },
      "Microsoft.Win32.Registry": {
        "type": "Transitive",
        "resolved": "5.0.0",
        "contentHash": "dDoKi0PnDz31yAyETfRntsLArTlVAVzUzCIvvEDsDsucrl33Dl8pIJG06ePTJTI3tGpeyHS9Cq7Foc/s4EeKcg==",
        "dependencies": {
          "System.Security.AccessControl": "5.0.0",
          "System.Security.Principal.Windows": "5.0.0"
        }
      },
      "Microsoft.Win32.SystemEvents": {
        "type": "Transitive",
        "resolved": "5.0.0",
        "contentHash": "Bh6blKG8VAKvXiLe2L+sEsn62nc1Ij34MrNxepD2OCrS5cpCwQa9MeLyhVQPQ/R4Wlzwuy6wMK8hLb11QPDRsQ==",
        "dependencies": {
          "Microsoft.NETCore.Platforms": "5.0.0"
        }
      },
      "Newtonsoft.Json": {
        "type": "Transitive",
        "resolved": "13.0.1",
        "contentHash": "ppPFpBcvxdsfUonNcvITKqLl3bqxWbDCZIzDWHzjpdAHRFfZe0Dw9HmA0+za13IdyrgJwpkDTDA9fHaxOrt20A=="
      },
      "Pipelines.Sockets.Unofficial": {
        "type": "Transitive",
        "resolved": "2.2.0",
        "contentHash": "7hzHplEIVOGBl5zOQZGX/DiJDHjq+RVRVrYgDiqXb6RriqWAdacXxp+XO9WSrATCEXyNOUOQg9aqQArsjase/A==",
        "dependencies": {
          "System.IO.Pipelines": "5.0.0"
        }
      },
      "StackExchange.Redis": {
        "type": "Transitive",
        "resolved": "2.2.4",
        "contentHash": "wM0OuRyRaZTFndFRjIOvas4jjkeclRJsmNm0eAx5tOju3SQisrLubNaSFT/dBypi4Vh1n7nYc1gWpw9L7ernOg==",
        "dependencies": {
          "Pipelines.Sockets.Unofficial": "2.2.0",
          "System.Diagnostics.PerformanceCounter": "5.0.0"
        }
      },
      "System.Configuration.ConfigurationManager": {
        "type": "Transitive",
        "resolved": "5.0.0",
        "contentHash": "aM7cbfEfVNlEEOj3DsZP+2g9NRwbkyiAv2isQEzw7pnkDg9ekCU2m1cdJLM02Uq691OaCS91tooaxcEn8d0q5w==",
        "dependencies": {
          "System.Security.Cryptography.ProtectedData": "5.0.0",
          "System.Security.Permissions": "5.0.0"
        }
      },
      "System.Diagnostics.PerformanceCounter": {
        "type": "Transitive",
        "resolved": "5.0.0",
        "contentHash": "kcQWWtGVC3MWMNXdMDWfrmIlFZZ2OdoeT6pSNVRtk9+Sa7jwdPiMlNwb0ZQcS7NRlT92pCfmjRtkSWUW3RAKwg==",
        "dependencies": {
          "Microsoft.NETCore.Platforms": "5.0.0",
          "Microsoft.Win32.Registry": "5.0.0",
          "System.Configuration.ConfigurationManager": "5.0.0",
          "System.Security.Principal.Windows": "5.0.0"
        }
      },
      "System.Drawing.Common": {
        "type": "Transitive",
        "resolved": "5.0.0",
        "contentHash": "SztFwAnpfKC8+sEKXAFxCBWhKQaEd97EiOL7oZJZP56zbqnLpmxACWA8aGseaUExciuEAUuR9dY8f7HkTRAdnw==",
        "dependencies": {
          "Microsoft.Win32.SystemEvents": "5.0.0"
        }
      },
      "System.Formats.Asn1": {
        "type": "Transitive",
        "resolved": "6.0.0",
        "contentHash": "T6fD00dQ3NTbPDy31m4eQUwKW84s03z0N2C8HpOklyeaDgaJPa/TexP4/SkORMSOwc7WhKifnA6Ya33AkzmafA=="
      },
      "System.IO.Pipelines": {
        "type": "Transitive",
        "resolved": "5.0.0",
        "contentHash": "irMYm3vhVgRsYvHTU5b2gsT2CwT/SMM6LZFzuJjpIvT5Z4CshxNsaoBC1X/LltwuR3Opp8d6jOS/60WwOb7Q2Q=="
      },
      "System.Memory": {
        "type": "Transitive",
        "resolved": "4.5.3",
        "contentHash": "3oDzvc/zzetpTKWMShs1AADwZjQ/36HnsufHRPcOjyRAAMLDlu2iD33MBI2opxnezcVUtXyqDXXjoFMOU9c7SA=="
      },
      "System.Runtime.CompilerServices.Unsafe": {
        "type": "Transitive",
        "resolved": "6.0.0",
        "contentHash": "/iUeP3tq1S0XdNNoMz5C9twLSrM/TH+qElHkXWaPvuNOt+99G75NrV0OS2EqHx5wMN7popYjpc8oTjC1y16DLg=="
      },
      "System.Security.AccessControl": {
        "type": "Transitive",
        "resolved": "6.0.0",
        "contentHash": "AUADIc0LIEQe7MzC+I0cl0rAT8RrTAKFHl53yHjEUzNVIaUlhFY11vc2ebiVJzVBuOzun6F7FBA+8KAbGTTedQ=="
      },
      "System.Security.Cryptography.Pkcs": {
        "type": "Transitive",
        "resolved": "6.0.1",
        "contentHash": "ynmbW2GjIGg9K1wXmVIRs4IlyDolf0JXNpzFQ8JCVgwM+myUC2JeUggl2PwQig2PNVMegKmN1aAx7WPQ8tI3vA==",
        "dependencies": {
          "System.Formats.Asn1": "6.0.0"
        }
      },
      "System.Security.Cryptography.ProtectedData": {
        "type": "Transitive",
        "resolved": "5.0.0",
        "contentHash": "HGxMSAFAPLNoxBvSfW08vHde0F9uh7BjASwu6JF9JnXuEPhCY3YUqURn0+bQV/4UWeaqymmrHWV+Aw9riQCtCA=="
      },
      "System.Security.Cryptography.Xml": {
        "type": "Transitive",
        "resolved": "6.0.1",
        "contentHash": "5e5bI28T0x73AwTsbuFP4qSRzthmU2C0Gqgg3AZ3KTxmSyA+Uhk31puA3srdaeWaacVnHhLdJywCzqOiEpbO/w==",
        "dependencies": {
          "System.Security.AccessControl": "6.0.0",
          "System.Security.Cryptography.Pkcs": "6.0.1"
        }
      },
      "System.Security.Permissions": {
        "type": "Transitive",
        "resolved": "5.0.0",
        "contentHash": "uE8juAhEkp7KDBCdjDIE3H9R1HJuEHqeqX8nLX9gmYKWwsqk3T5qZlPx8qle5DPKimC/Fy3AFTdV7HamgCh9qQ==",
        "dependencies": {
          "System.Security.AccessControl": "5.0.0",
          "System.Windows.Extensions": "5.0.0"
        }
      },
      "System.Security.Principal.Windows": {
        "type": "Transitive",
        "resolved": "5.0.0",
        "contentHash": "t0MGLukB5WAVU9bO3MGzvlGnyJPgUlcwerXn1kzBRjwLKixT96XV0Uza41W49gVd8zEMFu9vQEFlv0IOrytICA=="
      },
      "System.Windows.Extensions": {
        "type": "Transitive",
        "resolved": "5.0.0",
        "contentHash": "c1ho9WU9ZxMZawML+ssPKZfdnrg/OjR3pe0m9v8230z3acqphwvPJqzAkH54xRYm5ntZHGG1EPP3sux9H3qSPg==",
        "dependencies": {
          "System.Drawing.Common": "5.0.0"
        }
      },
      "ZString": {
        "type": "Transitive",
        "resolved": "2.4.4",
        "contentHash": "3ETG/AE0wR+Uo1CPwzSIYLMvDak5i8stKR/DdxOTyj8EKD9bKPTbftv/YhMbbjfR04gA2xK0PX3mPj7BRGDlew==",
        "dependencies": {
          "System.Memory": "4.5.3"
        }
      },
      "orchardcore.abstractions": {
        "type": "Project",
        "dependencies": {
          "Newtonsoft.Json": "[13.0.1, )",
          "ZString": "[2.4.4, )"
        }
      },
      "orchardcore.data.abstractions": {
        "type": "Project",
        "dependencies": {
          "OrchardCore.Queries.Abstractions": "[1.5.0-preview, )"
        }
      },
      "orchardcore.infrastructure.abstractions": {
        "type": "Project",
        "dependencies": {
          "OrchardCore.Abstractions": "[1.5.0-preview, )",
          "OrchardCore.Data.Abstractions": "[1.5.0-preview, )",
          "OrchardCore.ResourceManagement.Abstractions": "[1.5.0-preview, )"
        }
      },
      "orchardcore.module.targets": {
        "type": "Project",
        "dependencies": {
          "OrchardCore.Abstractions": "[1.5.0-preview, )"
        }
      },
      "orchardcore.queries.abstractions": {
        "type": "Project"
      },
      "orchardcore.redis.abstractions": {
        "type": "Project",
        "dependencies": {
          "Microsoft.AspNetCore.DataProtection.StackExchangeRedis": "[6.0.10, )",
          "Microsoft.Extensions.Caching.StackExchangeRedis": "[6.0.10, )",
          "OrchardCore.Abstractions": "[1.5.0-preview, )"
        }
      },
      "orchardcore.resourcemanagement.abstractions": {
        "type": "Project"
      }
    }
  }
}