{
  "name": "orchardcore.workflows",
  "version": "1.0.0",
  "lockfileVersion": 2,
  "requires": true,
  "packages": {
    "": {
      "name": "orchardcore.workflows",
      "version": "1.0.0",
      "dependencies": {
        "@types/bootstrap": "4.5.0",
        "@types/jquery": "3.5.7",
        "bootstrap": "4.6.0",
        "jsplumb": "2.15.6"
      }
    },
    "node_modules/@types/bootstrap": {
      "version": "4.5.0",
      "resolved": "https://registry.npmjs.org/@types/bootstrap/-/bootstrap-4.5.0.tgz",
      "integrity": "sha512-AWu7D+Cduyic75YptSRiXuCIy1c3SsmYk/9ixS68Ft2eAgg2wRj5U2M+7PK5zpakk4gTgfrWHeGxJqkSjttwyQ==",
      "dependencies": {
        "@types/jquery": "*",
        "popper.js": "^1.14.1"
      }
    },
    "node_modules/@types/jquery": {
      "version": "3.5.7",
      "resolved": "https://registry.npmjs.org/@types/jquery/-/jquery-3.5.7.tgz",
      "integrity": "sha512-Why+9t1KuqWtIqYKtbk6wgWbE1PjyXJOyGkpmTUh0RX5p4HL7nnRuBkjAO9P2r9tGQP6bLWxl77jRLew3V5xXg==",
      "dependencies": {
        "@types/sizzle": "*"
      }
    },
    "node_modules/@types/sizzle": {
      "version": "2.3.2",
      "resolved": "https://registry.npmjs.org/@types/sizzle/-/sizzle-2.3.2.tgz",
      "integrity": "sha512-7EJYyKTL7tFR8+gDbB6Wwz/arpGa0Mywk1TJbNzKzHtzbwVmY4HR9WqS5VV7dsBUKQmPNr192jHr/VpBluj/hg=="
    },
    "node_modules/bootstrap": {
      "version": "4.6.0",
      "resolved": "https://registry.npmjs.org/bootstrap/-/bootstrap-4.6.0.tgz",
      "integrity": "sha512-Io55IuQY3kydzHtbGvQya3H+KorS/M9rSNyfCGCg9WZ4pyT/lCxIlpJgG1GXW/PswzC84Tr2fBYi+7+jFVQQBw=="
    },
    "node_modules/jsplumb": {
      "version": "2.15.6",
      "resolved": "https://registry.npmjs.org/jsplumb/-/jsplumb-2.15.6.tgz",
      "integrity": "sha512-sIpbpz5eMVM+vV+MQzFCidlaa1RsknrQs6LOTKYDjYUDdTAi2AN2bFi94TxB33TifcIsRNV1jebcaxg0tCoPzg=="
    },
    "node_modules/popper.js": {
      "version": "1.16.1",
      "resolved": "https://registry.npmjs.org/popper.js/-/popper.js-1.16.1.tgz",
      "integrity": "sha512-Wb4p1J4zyFTbM+u6WuO4XstYx4Ky9Cewe4DWrel7B0w6VVICvPwdOpotjzcf6eD8TsckVnIMNONQyPIUFOUbCQ=="
    }
  },
  "dependencies": {
    "@types/bootstrap": {
      "version": "4.5.0",
      "resolved": "https://registry.npmjs.org/@types/bootstrap/-/bootstrap-4.5.0.tgz",
      "integrity": "sha512-AWu7D+Cduyic75YptSRiXuCIy1c3SsmYk/9ixS68Ft2eAgg2wRj5U2M+7PK5zpakk4gTgfrWHeGxJqkSjttwyQ==",
      "requires": {
        "@types/jquery": "*",
        "popper.js": "^1.14.1"
      }
    },
    "@types/jquery": {
      "version": "3.5.7",
      "resolved": "https://registry.npmjs.org/@types/jquery/-/jquery-3.5.7.tgz",
      "integrity": "sha512-Why+9t1KuqWtIqYKtbk6wgWbE1PjyXJOyGkpmTUh0RX5p4HL7nnRuBkjAO9P2r9tGQP6bLWxl77jRLew3V5xXg==",
      "requires": {
        "@types/sizzle": "*"
      }
    },
    "@types/sizzle": {
      "version": "2.3.2",
      "resolved": "https://registry.npmjs.org/@types/sizzle/-/sizzle-2.3.2.tgz",
      "integrity": "sha512-7EJYyKTL7tFR8+gDbB6Wwz/arpGa0Mywk1TJbNzKzHtzbwVmY4HR9WqS5VV7dsBUKQmPNr192jHr/VpBluj/hg=="
    },
    "bootstrap": {
      "version": "4.6.0",
      "resolved": "https://registry.npmjs.org/bootstrap/-/bootstrap-4.6.0.tgz",
      "integrity": "sha512-Io55IuQY3kydzHtbGvQya3H+KorS/M9rSNyfCGCg9WZ4pyT/lCxIlpJgG1GXW/PswzC84Tr2fBYi+7+jFVQQBw=="
    },
    "jsplumb": {
      "version": "2.15.6",
      "resolved": "https://registry.npmjs.org/jsplumb/-/jsplumb-2.15.6.tgz",
      "integrity": "sha512-sIpbpz5eMVM+vV+MQzFCidlaa1RsknrQs6LOTKYDjYUDdTAi2AN2bFi94TxB33TifcIsRNV1jebcaxg0tCoPzg=="
    },
    "popper.js": {
      "version": "1.16.1",
      "resolved": "https://registry.npmjs.org/popper.js/-/popper.js-1.16.1.tgz",
      "integrity": "sha512-Wb4p1J4zyFTbM+u6WuO4XstYx4Ky9Cewe4DWrel7B0w6VVICvPwdOpotjzcf6eD8TsckVnIMNONQyPIUFOUbCQ=="
    }
  }
}
