{
  "name": "orchardcore.workflows",
  "version": "1.0.0",
  "lockfileVersion": 1,
  "requires": true,
  "dependencies": {
    "@popperjs/core": {
      "version": "2.6.0",
      "resolved": "https://registry.npmjs.org/@popperjs/core/-/core-2.6.0.tgz",
      "integrity": "sha512-cPqjjzuFWNK3BSKLm0abspP0sp/IGOli4p5I5fKFAzdS8fvjdOwDCfZqAaIiXd9lPkOWi3SUUfZof3hEb7J/uw=="
    },
    "@types/bootstrap": {
      "version": "5.0.12",
      "resolved": "https://registry.npmjs.org/@types/bootstrap/-/bootstrap-5.0.12.tgz",
      "integrity": "sha512-iowwPfp9Au6aoxS2hOgeRjXE25xdfLrTpmxzQSUs21z5qY3UZpmjSIWF4h8jPYPEXgZioIKLB2OSU8oWzzJAcQ==",
      "requires": {
        "@popperjs/core": "2.6.0",
        "@types/jquery": "*"
      }
    },
    "@types/jquery": {
      "version": "3.5.5",
      "resolved": "https://registry.npmjs.org/@types/jquery/-/jquery-3.5.5.tgz",
      "integrity": "sha512-6RXU9Xzpc6vxNrS6FPPapN1SxSHgQ336WC6Jj/N8q30OiaBZ00l1GBgeP7usjVZPivSkGUfL1z/WW6TX989M+w==",
      "requires": {
        "@types/sizzle": "*"
      }
    },
    "@types/sizzle": {
      "version": "2.3.2",
      "resolved": "https://registry.npmjs.org/@types/sizzle/-/sizzle-2.3.2.tgz",
      "integrity": "sha512-7EJYyKTL7tFR8+gDbB6Wwz/arpGa0Mywk1TJbNzKzHtzbwVmY4HR9WqS5VV7dsBUKQmPNr192jHr/VpBluj/hg=="
    },
    "bootstrap": {
      "version": "4.6.0",
      "resolved": "https://registry.npmjs.org/bootstrap/-/bootstrap-4.6.0.tgz",
      "integrity": "sha512-Io55IuQY3kydzHtbGvQya3H+KorS/M9rSNyfCGCg9WZ4pyT/lCxIlpJgG1GXW/PswzC84Tr2fBYi+7+jFVQQBw=="
    },
    "jsplumb": {
      "version": "2.15.5",
      "resolved": "https://registry.npmjs.org/jsplumb/-/jsplumb-2.15.5.tgz",
      "integrity": "sha512-yFaePzsFaAEsSb5s5e+JVRuunI9tS7mhjVg/A/CimYHEjVWVpbWfeFXz/xkW1Xq02Iblu8vnADObxuMs1IWOEw=="
    }
  }
}
