{
  "version": 1,
  "dependencies": {
    "net6.0": {
      "MailKit": {
        "type": "Direct",
        "requested": "[3.4.1, )",
        "resolved": "3.4.1",
        "contentHash": "XsrxxJDNb9KOtCHjXOlQjUGMKocZ5+DtKIH7cCoc6IRd7rZmfjDof0ITK16dAJhnTYcCvPa90fpYa6/4QkvmIw==",
        "dependencies": {
          "MimeKit": "3.4.1"
        }
      },
      "Microsoft.SourceLink.GitHub": {
        "type": "Direct",
        "requested": "[1.1.1, )",
        "resolved": "1.1.1",
        "contentHash": "IaJGnOv/M7UQjRJks7B6p7pbPnOwisYGOIzqCz5ilGFTApZ3ktOR+6zJ12ZRPInulBmdAf1SrGdDG2MU8g6XTw==",
        "dependencies": {
          "Microsoft.Build.Tasks.Git": "1.1.1",
          "Microsoft.SourceLink.Common": "1.1.1"
        }
      },
      "Microsoft.Build.Tasks.Git": {
        "type": "Transitive",
        "resolved": "1.1.1",
        "contentHash": "AT3HlgTjsqHnWpBHSNeR0KxbLZD7bztlZVj7I8vgeYG9SYqbeFGh0TM/KVtC6fg53nrWHl3VfZFvb5BiQFcY6Q=="
      },
      "Microsoft.SourceLink.Common": {
        "type": "Transitive",
        "resolved": "1.1.1",
        "contentHash": "WMcGpWKrmJmzrNeuaEb23bEMnbtR/vLmvZtkAP5qWu7vQsY59GqfRJd65sFpBszbd2k/bQ8cs8eWawQKAabkVg=="
      },
      "MimeKit": {
        "type": "Transitive",
        "resolved": "3.4.1",
        "contentHash": "0UmjauTJDukShQlwmClY0i5iRz1zwVxAMvM2VoJ5rM0FUSNQC34OZJCKMTAGEJAWYAsTh5hXZIufnUbbm/3jkQ==",
        "dependencies": {
          "Portable.BouncyCastle": "1.9.0",
          "System.Security.Cryptography.Pkcs": "6.0.0"
        }
      },
      "Portable.BouncyCastle": {
        "type": "Transitive",
        "resolved": "1.9.0",
        "contentHash": "eZZBCABzVOek+id9Xy04HhmgykF0wZg9wpByzrWN7q8qEI0Qen9b7tfd7w8VA3dOeesumMG7C5ZPy0jk7PSRHw=="
      },
      "System.Formats.Asn1": {
        "type": "Transitive",
        "resolved": "6.0.0",
        "contentHash": "T6fD00dQ3NTbPDy31m4eQUwKW84s03z0N2C8HpOklyeaDgaJPa/TexP4/SkORMSOwc7WhKifnA6Ya33AkzmafA=="
      },
      "System.Security.Cryptography.Pkcs": {
        "type": "Transitive",
        "resolved": "6.0.0",
        "contentHash": "elM3x+xSRhzQysiqo85SbidJJ2YbZlnvmh+53TuSZHsD7dNuuEWser+9EFtY+rYupBwkq2avc6ZCO3/6qACgmg==",
        "dependencies": {
          "System.Formats.Asn1": "6.0.0"
        }
      },
      "orchardcore.email.abstractions": {
        "type": "Project"
      }
    }
  }
}