{
  "name": "orchardcore.markdown",
  "version": "1.0.0",
  "lockfileVersion": 2,
  "requires": true,
  "packages": {
    "": {
      "name": "orchardcore.markdown",
      "version": "1.0.0",
      "dependencies": {
        "bootstrap": "4.6.0",
        "easymde": "2.15.0"
      }
    },
    "node_modules/@types/codemirror": {
      "version": "0.0.109",
      "resolved": "https://registry.npmjs.org/@types/codemirror/-/codemirror-0.0.109.tgz",
      "integrity": "sha512-cSdiHeeLjvGn649lRTNeYrVCDOgDrtP+bDDSFDd1TF+i0jKGPDRozno2NOJ9lTniso+taiv4kiVS8dgM8Jm5lg==",
      "dependencies": {
        "@types/tern": "*"
      }
    },
    "node_modules/@types/estree": {
      "version": "0.0.47",
      "resolved": "https://registry.npmjs.org/@types/estree/-/estree-0.0.47.tgz",
      "integrity": "sha512-c5ciR06jK8u9BstrmJyO97m+klJrrhCf9u3rLu3DEAJBirxRqSCvDQoYKmxuYwQI5SZChAWu+tq9oVlGRuzPAg=="
    },
    "node_modules/@types/marked": {
      "version": "2.0.2",
      "resolved": "https://registry.npmjs.org/@types/marked/-/marked-2.0.2.tgz",
      "integrity": "sha512-P4zanhCQKs4tiWPPBGpB7lHflgFCP9DFGNI5YtpW9MALKoy2qs9rHNWJ+z55cegD9uCfnmsKuaosq9FNvbxrOw=="
    },
    "node_modules/@types/tern": {
      "version": "0.23.3",
      "resolved": "https://registry.npmjs.org/@types/tern/-/tern-0.23.3.tgz",
      "integrity": "sha512-imDtS4TAoTcXk0g7u4kkWqedB3E4qpjXzCpD2LU5M5NAXHzCDsypyvXSaG7mM8DKYkCRa7tFp4tS/lp/Wo7Q3w==",
      "dependencies": {
        "@types/estree": "*"
      }
    },
    "node_modules/bootstrap": {
      "version": "4.6.0",
      "resolved": "https://registry.npmjs.org/bootstrap/-/bootstrap-4.6.0.tgz",
      "integrity": "sha512-Io55IuQY3kydzHtbGvQya3H+KorS/M9rSNyfCGCg9WZ4pyT/lCxIlpJgG1GXW/PswzC84Tr2fBYi+7+jFVQQBw=="
    },
    "node_modules/codemirror": {
      "version": "5.61.0",
      "resolved": "https://registry.npmjs.org/codemirror/-/codemirror-5.61.0.tgz",
      "integrity": "sha512-D3wYH90tYY1BsKlUe0oNj2JAhQ9TepkD51auk3N7q+4uz7A/cgJ5JsWHreT0PqieW1QhOuqxQ2reCXV1YXzecg=="
    },
    "node_modules/codemirror-spell-checker": {
      "version": "1.1.2",
      "resolved": "https://registry.npmjs.org/codemirror-spell-checker/-/codemirror-spell-checker-1.1.2.tgz",
      "integrity": "sha1-HGYPkIlIPMtRE7m6nKGcP0mTNx4=",
      "dependencies": {
        "typo-js": "*"
      }
    },
    "node_modules/easymde": {
      "version": "2.15.0",
      "resolved": "https://registry.npmjs.org/easymde/-/easymde-2.15.0.tgz",
      "integrity": "sha512-9jMRIVvKt1d0UjRN45yotUYECAM4xvw0TTAQw8sYDONP++keWJVnd8Xrn+V+vQEN/v9/X0SWEoo1rFSgCooGpw==",
      "dependencies": {
        "@types/codemirror": "0.0.109",
        "@types/marked": "^2.0.2",
        "codemirror": "^5.61.0",
        "codemirror-spell-checker": "1.1.2",
        "marked": "^2.0.3"
      }
    },
    "node_modules/marked": {
      "version": "2.0.3",
      "resolved": "https://registry.npmjs.org/marked/-/marked-2.0.3.tgz",
      "integrity": "sha512-5otztIIcJfPc2qGTN8cVtOJEjNJZ0jwa46INMagrYfk0EvqtRuEHLsEe0LrFS0/q+ZRKT0+kXK7P2T1AN5lWRA==",
      "bin": {
        "marked": "bin/marked"
      },
      "engines": {
        "node": ">= 8.16.2"
      }
    },
    "node_modules/typo-js": {
      "version": "1.2.0",
      "resolved": "https://registry.npmjs.org/typo-js/-/typo-js-1.2.0.tgz",
      "integrity": "sha512-dELuLBVa2jvWdU/CHTKi2L/POYaRupv942k+vRsFXsM17acXesQGAiGCio82RW7fvcr7bkuD/Zj8XpUh6aPC2A=="
    }
  },
  "dependencies": {
    "@types/codemirror": {
      "version": "0.0.109",
      "resolved": "https://registry.npmjs.org/@types/codemirror/-/codemirror-0.0.109.tgz",
      "integrity": "sha512-cSdiHeeLjvGn649lRTNeYrVCDOgDrtP+bDDSFDd1TF+i0jKGPDRozno2NOJ9lTniso+taiv4kiVS8dgM8Jm5lg==",
      "requires": {
        "@types/tern": "*"
      }
    },
    "@types/estree": {
      "version": "0.0.47",
      "resolved": "https://registry.npmjs.org/@types/estree/-/estree-0.0.47.tgz",
      "integrity": "sha512-c5ciR06jK8u9BstrmJyO97m+klJrrhCf9u3rLu3DEAJBirxRqSCvDQoYKmxuYwQI5SZChAWu+tq9oVlGRuzPAg=="
    },
    "@types/marked": {
      "version": "2.0.2",
      "resolved": "https://registry.npmjs.org/@types/marked/-/marked-2.0.2.tgz",
      "integrity": "sha512-P4zanhCQKs4tiWPPBGpB7lHflgFCP9DFGNI5YtpW9MALKoy2qs9rHNWJ+z55cegD9uCfnmsKuaosq9FNvbxrOw=="
    },
    "@types/tern": {
      "version": "0.23.3",
      "resolved": "https://registry.npmjs.org/@types/tern/-/tern-0.23.3.tgz",
      "integrity": "sha512-imDtS4TAoTcXk0g7u4kkWqedB3E4qpjXzCpD2LU5M5NAXHzCDsypyvXSaG7mM8DKYkCRa7tFp4tS/lp/Wo7Q3w==",
      "requires": {
        "@types/estree": "*"
      }
    },
    "bootstrap": {
      "version": "4.6.0",
      "resolved": "https://registry.npmjs.org/bootstrap/-/bootstrap-4.6.0.tgz",
      "integrity": "sha512-Io55IuQY3kydzHtbGvQya3H+KorS/M9rSNyfCGCg9WZ4pyT/lCxIlpJgG1GXW/PswzC84Tr2fBYi+7+jFVQQBw=="
    },
    "codemirror": {
      "version": "5.61.0",
      "resolved": "https://registry.npmjs.org/codemirror/-/codemirror-5.61.0.tgz",
      "integrity": "sha512-D3wYH90tYY1BsKlUe0oNj2JAhQ9TepkD51auk3N7q+4uz7A/cgJ5JsWHreT0PqieW1QhOuqxQ2reCXV1YXzecg=="
    },
    "codemirror-spell-checker": {
      "version": "1.1.2",
      "resolved": "https://registry.npmjs.org/codemirror-spell-checker/-/codemirror-spell-checker-1.1.2.tgz",
      "integrity": "sha1-HGYPkIlIPMtRE7m6nKGcP0mTNx4=",
      "requires": {
        "typo-js": "*"
      }
    },
    "easymde": {
      "version": "2.15.0",
      "resolved": "https://registry.npmjs.org/easymde/-/easymde-2.15.0.tgz",
      "integrity": "sha512-9jMRIVvKt1d0UjRN45yotUYECAM4xvw0TTAQw8sYDONP++keWJVnd8Xrn+V+vQEN/v9/X0SWEoo1rFSgCooGpw==",
      "requires": {
        "@types/codemirror": "0.0.109",
        "@types/marked": "^2.0.2",
        "codemirror": "^5.61.0",
        "codemirror-spell-checker": "1.1.2",
        "marked": "^2.0.3"
      }
    },
    "marked": {
      "version": "2.0.3",
      "resolved": "https://registry.npmjs.org/marked/-/marked-2.0.3.tgz",
      "integrity": "sha512-5otztIIcJfPc2qGTN8cVtOJEjNJZ0jwa46INMagrYfk0EvqtRuEHLsEe0LrFS0/q+ZRKT0+kXK7P2T1AN5lWRA=="
    },
    "typo-js": {
      "version": "1.2.0",
      "resolved": "https://registry.npmjs.org/typo-js/-/typo-js-1.2.0.tgz",
      "integrity": "sha512-dELuLBVa2jvWdU/CHTKi2L/POYaRupv942k+vRsFXsM17acXesQGAiGCio82RW7fvcr7bkuD/Zj8XpUh6aPC2A=="
    }
  }
}
