{
  "name": "orchardcore.resources",
  "version": "1.0.0",
  "lockfileVersion": 1,
  "requires": true,
  "dependencies": {
    "bootstrap": {
      "version": "4.3.1",
      "resolved": "https://registry.npmjs.org/bootstrap/-/bootstrap-4.3.1.tgz",
      "integrity": "sha512-rXqOmH1VilAt2DyPzluTi2blhk17bO7ef+zLLPlWvG494pDxcM234pJ8wTc/6R40UWizAIIMgxjvxZg5kmsbag=="
    },
    "bootstrap-scss": {
      "version": "4.3.1",
      "resolved": "https://registry.npmjs.org/bootstrap-scss/-/bootstrap-scss-4.3.1.tgz",
      "integrity": "sha512-9S2yVFoiCALs8nIBR9Tljdh9zDaBODZwVWajTgGuzONUxotDj44/SgW8s5Z3siJSyT4mye9PDbs0OPMmOfwoyg=="
    },
    "bootstrap-select": {
      "version": "1.13.12",
      "resolved": "https://registry.npmjs.org/bootstrap-select/-/bootstrap-select-1.13.12.tgz",
      "integrity": "sha512-epsPt6WpgmL9Q9Y22JFntajdhhqvCwV/JKiBZF3YFvMHK9YzzDPQft/Cjqvsgq0bhF32BlvG03Qs3qA/pVRAqQ=="
    },
    "bootstrap-slider": {
      "version": "10.6.2",
      "resolved": "https://registry.npmjs.org/bootstrap-slider/-/bootstrap-slider-10.6.2.tgz",
      "integrity": "sha512-8JTPZB9QVOdrGzYF3YgC3YW6ssfPeBvBwZnXffiZ7YH/zz1D0EKlZvmQsm/w3N0XjVNYQEoQ0ax+jHrErV4K1Q=="
    },
    "codemirror": {
      "version": "5.48.4",
      "resolved": "https://registry.npmjs.org/codemirror/-/codemirror-5.48.4.tgz",
      "integrity": "sha512-pUhZXDQ6qXSpWdwlgAwHEkd4imA0kf83hINmUEzJpmG80T/XLtDDEzZo8f6PQLuRCcUQhmzqqIo3ZPTRaWByRA=="
    },
    "jquery": {
      "version": "3.4.1",
      "resolved": "https://registry.npmjs.org/jquery/-/jquery-3.4.1.tgz",
      "integrity": "sha512-36+AdBzCL+y6qjw5Tx7HgzeGCzC81MDDgaUP8ld2zhx58HdqXGoBd+tHdrBMiyjGQs0Hxs/MLZTu/eHNJJuWPw=="
    },
    "jquery-resizable-dom": {
      "version": "0.32.0",
      "resolved": "https://registry.npmjs.org/jquery-resizable-dom/-/jquery-resizable-dom-0.32.0.tgz",
      "integrity": "sha512-xohe50mzkN7VZ3YWHZ9B/Ntr/jv/IEK/17CkebRkTtE1yHgqn/0UKPCQ38O15dkWmDnkh/6D7k+o3sJnarbfIg==",
      "requires": {
        "jquery": "~3.3.1"
      },
      "dependencies": {
        "jquery": {
          "version": "3.3.1",
          "resolved": "https://registry.npmjs.org/jquery/-/jquery-3.3.1.tgz",
          "integrity": "sha512-Ubldcmxp5np52/ENotGxlLe6aGMvmF4R8S6tZjsP6Knsaxd/xp3Zrh50cG93lR6nPXyUFwzN3ZSOQI0wRJNdGg=="
        }
      }
    },
    "popper.js": {
      "version": "1.14.7",
      "resolved": "https://registry.npmjs.org/popper.js/-/popper.js-1.14.7.tgz",
      "integrity": "sha512-4q1hNvoUre/8srWsH7hnoSJ5xVmIL4qgz+s4qf2TnJIMyZFUFMGH+9vE7mXynAlHSZ/NdTmmow86muD0myUkVQ=="
    },
    "trumbowyg": {
      "version": "2.19.1",
      "resolved": "https://registry.npmjs.org/trumbowyg/-/trumbowyg-2.19.1.tgz",
      "integrity": "sha512-9e/pS03vbTjQkBCHxoo8VVeIhZzTkFcItnRDhruw4Q5K3jbnYXojTw88PE7hK7WljtWAtmlGm2bByOxyrZpw7g=="
    }
  }
}
